
Microsoft Visual Studio Solution File, Format Version 12.00
# Visual Studio Version 17
VisualStudioVersion = 17.5.33530.505
MinimumVisualStudioVersion = 10.0.40219.1
Project("{FAE04EC0-301F-11D3-BF4B-00C04F79EFBC}") = "Employee_Form", "Employee_Form\Employee_Form.csproj", "{F6A8AFF1-C12C-4485-B167-388D67B27277}"
EndProject
Global
	GlobalSection(SolutionConfigurationPlatforms) = preSolution
		Debug|Any CPU = Debug|Any CPU
		Release|Any CPU = Release|Any CPU
	EndGlobalSection
	GlobalSection(ProjectConfigurationPlatforms) = postSolution
		{F6A8AFF1-C12C-4485-B167-388D67B27277}.Debug|Any CPU.ActiveCfg = Debug|Any CPU
		{F6A8AFF1-C12C-4485-B167-388D67B27277}.Debug|Any CPU.Build.0 = Debug|Any CPU
		{F6A8AFF1-C12C-4485-B167-388D67B27277}.Release|Any CPU.ActiveCfg = Release|Any CPU
		{F6A8AFF1-C12C-4485-B167-388D67B27277}.Release|Any CPU.Build.0 = Release|Any CPU
	EndGlobalSection
	GlobalSection(SolutionProperties) = preSolution
		HideSolutionNode = FALSE
	EndGlobalSection
	GlobalSection(ExtensibilityGlobals) = postSolution
		SolutionGuid = {C15AAD6C-2328-4FA8-ABB8-18261E79616E}
	EndGlobalSection
EndGlobal
